
Microsoft Visual Studio Solution File, Format Version 12.00
# Visual Studio Version 17
VisualStudioVersion = 17.7.34031.279
MinimumVisualStudioVersion = 10.0.40219.1
Project("{FAE04EC0-301F-11D3-BF4B-00C04F79EFBC}") = "22.Songs", "22.Songs.csproj", "{08E48D8F-91EC-4498-BBE6-9415E7EFCDA8}"
EndProject
Global
	GlobalSection(SolutionConfigurationPlatforms) = preSolution
		Debug|Any CPU = Debug|Any CPU
		Release|Any CPU = Release|Any CPU
	EndGlobalSection
	GlobalSection(ProjectConfigurationPlatforms) = postSolution
		{08E48D8F-91EC-4498-BBE6-9415E7EFCDA8}.Debug|Any CPU.ActiveCfg = Debug|Any CPU
		{08E48D8F-91EC-4498-BBE6-9415E7EFCDA8}.Debug|Any CPU.Build.0 = Debug|Any CPU
		{08E48D8F-91EC-4498-BBE6-9415E7EFCDA8}.Release|Any CPU.ActiveCfg = Release|Any CPU
		{08E48D8F-91EC-4498-BBE6-9415E7EFCDA8}.Release|Any CPU.Build.0 = Release|Any CPU
	EndGlobalSection
	GlobalSection(SolutionProperties) = preSolution
		HideSolutionNode = FALSE
	EndGlobalSection
	GlobalSection(ExtensibilityGlobals) = postSolution
		SolutionGuid = {D0A1918A-7733-4218-9AF3-DAECAEA5022F}
	EndGlobalSection
EndGlobal
